
Microsoft Visual Studio Solution File, Format Version 12.00
# Visual Studio Version 17
VisualStudioVersion = 17.0.31903.59
MinimumVisualStudioVersion = 10.0.40219.1
Project("{FAE04EC0-301F-11D3-BF4B-00C04F79EFBC}") = "TodoList.API", "TodoList.API\TodoList.API.csproj", "{ADD37307-E3ED-4AE0-AD19-4E37F24BECBB}"
EndProject
Project("{FAE04EC0-301F-11D3-BF4B-00C04F79EFBC}") = "TodoList.DataAccess", "TodoList.DataAccess\TodoList.DataAccess.csproj", "{00F57F73-09B8-4A83-90F7-FC4BE44C4151}"
EndProject
Project("{FAE04EC0-301F-11D3-BF4B-00C04F79EFBC}") = "TodoList.ViewModels", "TodoList.ViewModels\TodoList.ViewModels.csproj", "{382EC05D-39A5-4065-AF13-95BCE8B22022}"
EndProject
Global
	GlobalSection(SolutionConfigurationPlatforms) = preSolution
		Debug|Any CPU = Debug|Any CPU
		Release|Any CPU = Release|Any CPU
	EndGlobalSection
	GlobalSection(SolutionProperties) = preSolution
		HideSolutionNode = FALSE
	EndGlobalSection
	GlobalSection(ProjectConfigurationPlatforms) = postSolution
		{ADD37307-E3ED-4AE0-AD19-4E37F24BECBB}.Debug|Any CPU.ActiveCfg = Debug|Any CPU
		{ADD37307-E3ED-4AE0-AD19-4E37F24BECBB}.Debug|Any CPU.Build.0 = Debug|Any CPU
		{ADD37307-E3ED-4AE0-AD19-4E37F24BECBB}.Release|Any CPU.ActiveCfg = Release|Any CPU
		{ADD37307-E3ED-4AE0-AD19-4E37F24BECBB}.Release|Any CPU.Build.0 = Release|Any CPU
		{00F57F73-09B8-4A83-90F7-FC4BE44C4151}.Debug|Any CPU.ActiveCfg = Debug|Any CPU
		{00F57F73-09B8-4A83-90F7-FC4BE44C4151}.Debug|Any CPU.Build.0 = Debug|Any CPU
		{00F57F73-09B8-4A83-90F7-FC4BE44C4151}.Release|Any CPU.ActiveCfg = Release|Any CPU
		{00F57F73-09B8-4A83-90F7-FC4BE44C4151}.Release|Any CPU.Build.0 = Release|Any CPU
		{382EC05D-39A5-4065-AF13-95BCE8B22022}.Debug|Any CPU.ActiveCfg = Debug|Any CPU
		{382EC05D-39A5-4065-AF13-95BCE8B22022}.Debug|Any CPU.Build.0 = Debug|Any CPU
		{382EC05D-39A5-4065-AF13-95BCE8B22022}.Release|Any CPU.ActiveCfg = Release|Any CPU
		{382EC05D-39A5-4065-AF13-95BCE8B22022}.Release|Any CPU.Build.0 = Release|Any CPU
	EndGlobalSection
EndGlobal
